
Microsoft Visual Studio Solution File, Format Version 12.00
# Visual Studio Version 17
VisualStudioVersion = 17.9.34622.214
MinimumVisualStudioVersion = 10.0.40219.1
Project("{9A19103F-16F7-4668-BE54-9A1E7A4F7556}") = "trpo_bibl", "trpo_bibl.csproj", "{B3268F27-DED9-474C-84D7-AA2485F15174}"
EndProject
Project("{FAE04EC0-301F-11D3-BF4B-00C04F79EFBC}") = "TestProject1", "..\TestProject1\TestProject1.csproj", "{04E4C8B0-5E5B-48EC-8D34-2AE05D077BF5}"
EndProject
Global
	GlobalSection(SolutionConfigurationPlatforms) = preSolution
		Debug|Any CPU = Debug|Any CPU
		Release|Any CPU = Release|Any CPU
	EndGlobalSection
	GlobalSection(ProjectConfigurationPlatforms) = postSolution
		{B3268F27-DED9-474C-84D7-AA2485F15174}.Debug|Any CPU.ActiveCfg = Debug|Any CPU
		{B3268F27-DED9-474C-84D7-AA2485F15174}.Debug|Any CPU.Build.0 = Debug|Any CPU
		{B3268F27-DED9-474C-84D7-AA2485F15174}.Release|Any CPU.ActiveCfg = Release|Any CPU
		{B3268F27-DED9-474C-84D7-AA2485F15174}.Release|Any CPU.Build.0 = Release|Any CPU
		{04E4C8B0-5E5B-48EC-8D34-2AE05D077BF5}.Debug|Any CPU.ActiveCfg = Debug|Any CPU
		{04E4C8B0-5E5B-48EC-8D34-2AE05D077BF5}.Debug|Any CPU.Build.0 = Debug|Any CPU
		{04E4C8B0-5E5B-48EC-8D34-2AE05D077BF5}.Release|Any CPU.ActiveCfg = Release|Any CPU
		{04E4C8B0-5E5B-48EC-8D34-2AE05D077BF5}.Release|Any CPU.Build.0 = Release|Any CPU
	EndGlobalSection
	GlobalSection(SolutionProperties) = preSolution
		HideSolutionNode = FALSE
	EndGlobalSection
	GlobalSection(ExtensibilityGlobals) = postSolution
		SolutionGuid = {E9FB47BB-D700-4C42-8BA2-A8A2B127FBBB}
	EndGlobalSection
EndGlobal
